
Microsoft Visual Studio Solution File, Format Version 12.00
# Visual Studio Version 16
VisualStudioVersion = 16.0.30225.117
MinimumVisualStudioVersion = 10.0.40219.1
Project("{FAE04EC0-301F-11D3-BF4B-00C04F79EFBC}") = "chat.CORE", "chat.CORE\chat.CORE.csproj", "{B2137B6D-B95C-40AC-97E0-A030653C4516}"
EndProject
Project("{2150E333-8FDC-42A3-9474-1A3956D46DE8}") = "Libraries", "Libraries", "{07C715DC-512C-4A20-A3E8-BFE97897C94A}"
EndProject
Project("{FAE04EC0-301F-11D3-BF4B-00C04F79EFBC}") = "chat.DATA", "chat.DATA\chat.DATA.csproj", "{4B84BB7B-4467-4E0B-9352-C103CC54B466}"
EndProject
Project("{FAE04EC0-301F-11D3-BF4B-00C04F79EFBC}") = "chat.DTO", "chat.DTO\chat.DTO.csproj", "{E78238A3-045B-47F0-9AF4-B95CB74DA22F}"
EndProject
Project("{FAE04EC0-301F-11D3-BF4B-00C04F79EFBC}") = "chat.IoC", "chat.IoC\chat.IoC.csproj", "{5A0F25C6-6018-4060-A2A3-8BD8CF0D60F7}"
EndProject
Project("{FAE04EC0-301F-11D3-BF4B-00C04F79EFBC}") = "chat.SERVICES", "chat.SERVICES\chat.SERVICES.csproj", "{C31BF589-0885-461E-832D-AAAB25A32477}"
EndProject
Project("{2150E333-8FDC-42A3-9474-1A3956D46DE8}") = "Plugins", "Plugins", "{8D8B630E-5B2C-41DC-A6AC-4683C9F555F1}"
EndProject
Project("{FAE04EC0-301F-11D3-BF4B-00C04F79EFBC}") = "chat.UTILITIES", "chat.UTILITIES\chat.UTILITIES.csproj", "{006BD551-A3C0-4DA0-94F4-28AB19D636AF}"
EndProject
Project("{2150E333-8FDC-42A3-9474-1A3956D46DE8}") = "Presentation", "Presentation", "{D2297BC1-977D-40C0-8591-8D4EAAE0E16A}"
EndProject
Project("{FAE04EC0-301F-11D3-BF4B-00C04F79EFBC}") = "chat.Admin", "chat.Admin\chat.Admin.csproj", "{98063E9E-B1AE-47D1-8622-C458E5090551}"
EndProject
Project("{FAE04EC0-301F-11D3-BF4B-00C04F79EFBC}") = "chat.Pool", "chat.Pool\chat.Pool.csproj", "{3778D630-1C41-4012-84EA-B8AC0FBF5FC2}"
EndProject
Project("{2150E333-8FDC-42A3-9474-1A3956D46DE8}") = "Payment", "Payment", "{4BE60D82-089A-4665-BF81-55808AC7A95A}"
EndProject
Project("{FAE04EC0-301F-11D3-BF4B-00C04F79EFBC}") = "Sipay", "Sipay\Sipay.csproj", "{8EE92536-3475-4A67-B6A2-08A0123021B4}"
EndProject
Global
	GlobalSection(SolutionConfigurationPlatforms) = preSolution
		Debug|Any CPU = Debug|Any CPU
		Release|Any CPU = Release|Any CPU
	EndGlobalSection
	GlobalSection(ProjectConfigurationPlatforms) = postSolution
		{B2137B6D-B95C-40AC-97E0-A030653C4516}.Debug|Any CPU.ActiveCfg = Debug|Any CPU
		{B2137B6D-B95C-40AC-97E0-A030653C4516}.Debug|Any CPU.Build.0 = Debug|Any CPU
		{B2137B6D-B95C-40AC-97E0-A030653C4516}.Release|Any CPU.ActiveCfg = Release|Any CPU
		{B2137B6D-B95C-40AC-97E0-A030653C4516}.Release|Any CPU.Build.0 = Release|Any CPU
		{4B84BB7B-4467-4E0B-9352-C103CC54B466}.Debug|Any CPU.ActiveCfg = Debug|Any CPU
		{4B84BB7B-4467-4E0B-9352-C103CC54B466}.Debug|Any CPU.Build.0 = Debug|Any CPU
		{4B84BB7B-4467-4E0B-9352-C103CC54B466}.Release|Any CPU.ActiveCfg = Release|Any CPU
		{4B84BB7B-4467-4E0B-9352-C103CC54B466}.Release|Any CPU.Build.0 = Release|Any CPU
		{E78238A3-045B-47F0-9AF4-B95CB74DA22F}.Debug|Any CPU.ActiveCfg = Debug|Any CPU
		{E78238A3-045B-47F0-9AF4-B95CB74DA22F}.Debug|Any CPU.Build.0 = Debug|Any CPU
		{E78238A3-045B-47F0-9AF4-B95CB74DA22F}.Release|Any CPU.ActiveCfg = Release|Any CPU
		{E78238A3-045B-47F0-9AF4-B95CB74DA22F}.Release|Any CPU.Build.0 = Release|Any CPU
		{5A0F25C6-6018-4060-A2A3-8BD8CF0D60F7}.Debug|Any CPU.ActiveCfg = Debug|Any CPU
		{5A0F25C6-6018-4060-A2A3-8BD8CF0D60F7}.Debug|Any CPU.Build.0 = Debug|Any CPU
		{5A0F25C6-6018-4060-A2A3-8BD8CF0D60F7}.Release|Any CPU.ActiveCfg = Release|Any CPU
		{5A0F25C6-6018-4060-A2A3-8BD8CF0D60F7}.Release|Any CPU.Build.0 = Release|Any CPU
		{C31BF589-0885-461E-832D-AAAB25A32477}.Debug|Any CPU.ActiveCfg = Debug|Any CPU
		{C31BF589-0885-461E-832D-AAAB25A32477}.Debug|Any CPU.Build.0 = Debug|Any CPU
		{C31BF589-0885-461E-832D-AAAB25A32477}.Release|Any CPU.ActiveCfg = Release|Any CPU
		{C31BF589-0885-461E-832D-AAAB25A32477}.Release|Any CPU.Build.0 = Release|Any CPU
		{006BD551-A3C0-4DA0-94F4-28AB19D636AF}.Debug|Any CPU.ActiveCfg = Debug|Any CPU
		{006BD551-A3C0-4DA0-94F4-28AB19D636AF}.Debug|Any CPU.Build.0 = Debug|Any CPU
		{006BD551-A3C0-4DA0-94F4-28AB19D636AF}.Release|Any CPU.ActiveCfg = Release|Any CPU
		{006BD551-A3C0-4DA0-94F4-28AB19D636AF}.Release|Any CPU.Build.0 = Release|Any CPU
		{98063E9E-B1AE-47D1-8622-C458E5090551}.Debug|Any CPU.ActiveCfg = Debug|Any CPU
		{98063E9E-B1AE-47D1-8622-C458E5090551}.Debug|Any CPU.Build.0 = Debug|Any CPU
		{98063E9E-B1AE-47D1-8622-C458E5090551}.Release|Any CPU.ActiveCfg = Release|Any CPU
		{98063E9E-B1AE-47D1-8622-C458E5090551}.Release|Any CPU.Build.0 = Release|Any CPU
		{3778D630-1C41-4012-84EA-B8AC0FBF5FC2}.Debug|Any CPU.ActiveCfg = Debug|Any CPU
		{3778D630-1C41-4012-84EA-B8AC0FBF5FC2}.Debug|Any CPU.Build.0 = Debug|Any CPU
		{3778D630-1C41-4012-84EA-B8AC0FBF5FC2}.Release|Any CPU.ActiveCfg = Release|Any CPU
		{3778D630-1C41-4012-84EA-B8AC0FBF5FC2}.Release|Any CPU.Build.0 = Release|Any CPU
		{8EE92536-3475-4A67-B6A2-08A0123021B4}.Debug|Any CPU.ActiveCfg = Debug|Any CPU
		{8EE92536-3475-4A67-B6A2-08A0123021B4}.Debug|Any CPU.Build.0 = Debug|Any CPU
		{8EE92536-3475-4A67-B6A2-08A0123021B4}.Release|Any CPU.ActiveCfg = Release|Any CPU
		{8EE92536-3475-4A67-B6A2-08A0123021B4}.Release|Any CPU.Build.0 = Release|Any CPU
	EndGlobalSection
	GlobalSection(SolutionProperties) = preSolution
		HideSolutionNode = FALSE
	EndGlobalSection
	GlobalSection(NestedProjects) = preSolution
		{B2137B6D-B95C-40AC-97E0-A030653C4516} = {07C715DC-512C-4A20-A3E8-BFE97897C94A}
		{4B84BB7B-4467-4E0B-9352-C103CC54B466} = {07C715DC-512C-4A20-A3E8-BFE97897C94A}
		{E78238A3-045B-47F0-9AF4-B95CB74DA22F} = {07C715DC-512C-4A20-A3E8-BFE97897C94A}
		{5A0F25C6-6018-4060-A2A3-8BD8CF0D60F7} = {07C715DC-512C-4A20-A3E8-BFE97897C94A}
		{C31BF589-0885-461E-832D-AAAB25A32477} = {07C715DC-512C-4A20-A3E8-BFE97897C94A}
		{006BD551-A3C0-4DA0-94F4-28AB19D636AF} = {8D8B630E-5B2C-41DC-A6AC-4683C9F555F1}
		{98063E9E-B1AE-47D1-8622-C458E5090551} = {D2297BC1-977D-40C0-8591-8D4EAAE0E16A}
		{3778D630-1C41-4012-84EA-B8AC0FBF5FC2} = {D2297BC1-977D-40C0-8591-8D4EAAE0E16A}
		{8EE92536-3475-4A67-B6A2-08A0123021B4} = {4BE60D82-089A-4665-BF81-55808AC7A95A}
	EndGlobalSection
	GlobalSection(ExtensibilityGlobals) = postSolution
		SolutionGuid = {B5E43E26-3898-4312-8BA7-B878C0FBF6D4}
	EndGlobalSection
EndGlobal
